
Microsoft Visual Studio Solution File, Format Version 12.00
# Visual Studio Version 17
VisualStudioVersion = 17.6.33717.318
MinimumVisualStudioVersion = 10.0.40219.1
Project("{9A19103F-16F7-4668-BE54-9A1E7A4F7556}") = "UmbraClient", "UmbraClient\UmbraClient.csproj", "{68B9B04A-5CB5-4402-9C38-1D5108BBD8B7}"
EndProject
Project("{FAE04EC0-301F-11D3-BF4B-00C04F79EFBC}") = "UmbraServer", "UmbraServer\UmbraServer.csproj", "{5287106F-BFC8-44E8-9571-68D13CEFBC90}"
EndProject
Global
	GlobalSection(SolutionConfigurationPlatforms) = preSolution
		Debug|Any CPU = Debug|Any CPU
		Release|Any CPU = Release|Any CPU
	EndGlobalSection
	GlobalSection(ProjectConfigurationPlatforms) = postSolution
		{68B9B04A-5CB5-4402-9C38-1D5108BBD8B7}.Debug|Any CPU.ActiveCfg = Debug|Any CPU
		{68B9B04A-5CB5-4402-9C38-1D5108BBD8B7}.Debug|Any CPU.Build.0 = Debug|Any CPU
		{68B9B04A-5CB5-4402-9C38-1D5108BBD8B7}.Release|Any CPU.ActiveCfg = Release|Any CPU
		{68B9B04A-5CB5-4402-9C38-1D5108BBD8B7}.Release|Any CPU.Build.0 = Release|Any CPU
		{5287106F-BFC8-44E8-9571-68D13CEFBC90}.Debug|Any CPU.ActiveCfg = Debug|Any CPU
		{5287106F-BFC8-44E8-9571-68D13CEFBC90}.Debug|Any CPU.Build.0 = Debug|Any CPU
		{5287106F-BFC8-44E8-9571-68D13CEFBC90}.Release|Any CPU.ActiveCfg = Release|Any CPU
		{5287106F-BFC8-44E8-9571-68D13CEFBC90}.Release|Any CPU.Build.0 = Release|Any CPU
	EndGlobalSection
	GlobalSection(SolutionProperties) = preSolution
		HideSolutionNode = FALSE
	EndGlobalSection
	GlobalSection(ExtensibilityGlobals) = postSolution
		SolutionGuid = {774D14A4-E6C8-4F71-B312-F9AC5FCAAD7E}
	EndGlobalSection
EndGlobal
